
Microsoft Visual Studio Solution File, Format Version 12.00
# Visual Studio Version 16
VisualStudioVersion = 16.0.31410.357
MinimumVisualStudioVersion = 10.0.40219.1
Project("{FAE04EC0-301F-11D3-BF4B-00C04F79EFBC}") = "SecondTask", "SecondTask\SecondTask.csproj", "{81D4EBDF-3360-479E-9460-B5BD50A0C236}"
EndProject
Global
	GlobalSection(SolutionConfigurationPlatforms) = preSolution
		Debug|Any CPU = Debug|Any CPU
		Release|Any CPU = Release|Any CPU
	EndGlobalSection
	GlobalSection(ProjectConfigurationPlatforms) = postSolution
		{81D4EBDF-3360-479E-9460-B5BD50A0C236}.Debug|Any CPU.ActiveCfg = Debug|Any CPU
		{81D4EBDF-3360-479E-9460-B5BD50A0C236}.Debug|Any CPU.Build.0 = Debug|Any CPU
		{81D4EBDF-3360-479E-9460-B5BD50A0C236}.Release|Any CPU.ActiveCfg = Release|Any CPU
		{81D4EBDF-3360-479E-9460-B5BD50A0C236}.Release|Any CPU.Build.0 = Release|Any CPU
	EndGlobalSection
	GlobalSection(SolutionProperties) = preSolution
		HideSolutionNode = FALSE
	EndGlobalSection
	GlobalSection(ExtensibilityGlobals) = postSolution
		SolutionGuid = {2A42DED3-7754-492F-A4EA-70D7CB4DBF94}
	EndGlobalSection
EndGlobal
