
Microsoft Visual Studio Solution File, Format Version 12.00
# Visual Studio Version 16
VisualStudioVersion = 16.0.31410.357
MinimumVisualStudioVersion = 10.0.40219.1
Project("{FAE04EC0-301F-11D3-BF4B-00C04F79EFBC}") = "Task2", "Task2\Task2.csproj", "{A842EF84-ED4C-4F52-8C45-0941A18987B3}"
EndProject
Global
	GlobalSection(SolutionConfigurationPlatforms) = preSolution
		Debug|Any CPU = Debug|Any CPU
		Release|Any CPU = Release|Any CPU
	EndGlobalSection
	GlobalSection(ProjectConfigurationPlatforms) = postSolution
		{A842EF84-ED4C-4F52-8C45-0941A18987B3}.Debug|Any CPU.ActiveCfg = Debug|Any CPU
		{A842EF84-ED4C-4F52-8C45-0941A18987B3}.Debug|Any CPU.Build.0 = Debug|Any CPU
		{A842EF84-ED4C-4F52-8C45-0941A18987B3}.Release|Any CPU.ActiveCfg = Release|Any CPU
		{A842EF84-ED4C-4F52-8C45-0941A18987B3}.Release|Any CPU.Build.0 = Release|Any CPU
	EndGlobalSection
	GlobalSection(SolutionProperties) = preSolution
		HideSolutionNode = FALSE
	EndGlobalSection
	GlobalSection(ExtensibilityGlobals) = postSolution
		SolutionGuid = {5BB4EF6C-1F3F-43BA-99A0-D6966FB4A0E3}
	EndGlobalSection
EndGlobal
