
Microsoft Visual Studio Solution File, Format Version 12.00
# Visual Studio Version 16
VisualStudioVersion = 16.0.31410.357
MinimumVisualStudioVersion = 10.0.40219.1
Project("{FAE04EC0-301F-11D3-BF4B-00C04F79EFBC}") = "FirstTask", "FirstTask\FirstTask.csproj", "{24542802-649C-441C-A685-5A9023B4BEFC}"
EndProject
Global
	GlobalSection(SolutionConfigurationPlatforms) = preSolution
		Debug|Any CPU = Debug|Any CPU
		Release|Any CPU = Release|Any CPU
	EndGlobalSection
	GlobalSection(ProjectConfigurationPlatforms) = postSolution
		{24542802-649C-441C-A685-5A9023B4BEFC}.Debug|Any CPU.ActiveCfg = Debug|Any CPU
		{24542802-649C-441C-A685-5A9023B4BEFC}.Debug|Any CPU.Build.0 = Debug|Any CPU
		{24542802-649C-441C-A685-5A9023B4BEFC}.Release|Any CPU.ActiveCfg = Release|Any CPU
		{24542802-649C-441C-A685-5A9023B4BEFC}.Release|Any CPU.Build.0 = Release|Any CPU
	EndGlobalSection
	GlobalSection(SolutionProperties) = preSolution
		HideSolutionNode = FALSE
	EndGlobalSection
	GlobalSection(ExtensibilityGlobals) = postSolution
		SolutionGuid = {65C4CA9F-1A29-41B2-8D5B-0263B832910A}
	EndGlobalSection
EndGlobal
